{
  "originHash" : "bafbaf33b83a8ccf49f19b3d543d551548d1f1ba5f7b7bbd0547050659393ecb",
  "pins" : [
    {
      "identity" : "chroma",
      "kind" : "remoteSourceControl",
      "location" : "https://github.com/zaneenders/chroma.git",
      "state" : {
        "branch" : "display-images",
        "revision" : "62ad7178b66c27e7598bb21397911d4d57b55643"
      }
    },
    {
      "identity" : "swift-gpr_tools",
      "kind" : "remoteSourceControl",
      "location" : "git@github.com:zaneenders/swift-gpr_tools.git",
      "state" : {
        "branch" : "main",
        "revision" : "d2b57cde665c7bee0528fb69da5245c71c95de61"
      }
    },
    {
      "identity" : "swift-libraw",
      "kind" : "remoteSourceControl",
      "location" : "https://github.com/zaneenders/swift-libraw.git",
      "state" : {
        "branch" : "feature/16-bit-rgb-prores",
        "revision" : "4588991a5ebddbd29326cca5ad77b28f49dcbdea"
      }
    }
  ],
  "version" : 3
}
