{
  "originHash" : "5e91689bbac7368f36c77f4bdb292033298740b8d0ccabd3b97fe17f4f357466",
  "pins" : [
    {
      "identity" : "chroma",
      "kind" : "remoteSourceControl",
      "location" : "https://github.com/zaneenders/chroma.git",
      "state" : {
        "branch" : "display-images",
        "revision" : "62ad7178b66c27e7598bb21397911d4d57b55643"
      }
    },
    {
      "identity" : "swift-gpr_tools",
      "kind" : "remoteSourceControl",
      "location" : "git@github.com:zaneenders/swift-gpr_tools.git",
      "state" : {
        "branch" : "main",
        "revision" : "d2b57cde665c7bee0528fb69da5245c71c95de61"
      }
    },
    {
      "identity" : "swift-libraw",
      "kind" : "remoteSourceControl",
      "location" : "https://github.com/zaneenders/swift-libraw.git",
      "state" : {
        "branch" : "feature/16-bit-rgb-prores",
        "revision" : "9f09c43b92bb9e46dc262ffd3b89672e5d8fbbdc"
      }
    }
  ],
  "version" : 3
}
