{
  "originHash" : "9ac92510ecca15ec5ec608c164311e9a8675ce915d8dda942075f041f2b7ec52",
  "pins" : [
    {
      "identity" : "chroma",
      "kind" : "remoteSourceControl",
      "location" : "https://github.com/zaneenders/chroma.git",
      "state" : {
        "branch" : "display-images",
        "revision" : "62ad7178b66c27e7598bb21397911d4d57b55643"
      }
    },
    {
      "identity" : "swift-gpr_tools",
      "kind" : "remoteSourceControl",
      "location" : "git@github.com:zaneenders/swift-gpr_tools.git",
      "state" : {
        "branch" : "main",
        "revision" : "d2b57cde665c7bee0528fb69da5245c71c95de61"
      }
    },
    {
      "identity" : "swift-libraw",
      "kind" : "remoteSourceControl",
      "location" : "https://github.com/zaneenders/swift-libraw.git",
      "state" : {
        "branch" : "main",
        "revision" : "3c526151628a72c0146c87d704e8feeed872b5d2"
      }
    }
  ],
  "version" : 3
}
